// !$*UTF8*$!
{
	archiveVersion = 1;
	classes = {
	};
	objectVersion = 48;
	objects = {

/* Begin PBXBuildFile section */
		683227F4200BF438001584C3 /* AppDelegate.swift in Sources */ = {isa = PBXBuildFile; fileRef = 683227F3200BF438001584C3 /* AppDelegate.swift */; };
		683227F9200BF438001584C3 /* Main.storyboard in Resources */ = {isa = PBXBuildFile; fileRef = 683227F7200BF438001584C3 /* Main.storyboard */; };
		683227FB200BF438001584C3 /* Assets.xcassets in Resources */ = {isa = PBXBuildFile; fileRef = 683227FA200BF438001584C3 /* Assets.xcassets */; };
		683227FE200BF438001584C3 /* LaunchScreen.storyboard in Resources */ = {isa = PBXBuildFile; fileRef = 683227FC200BF438001584C3 /* LaunchScreen.storyboard */; };
		6832280B200BF51B001584C3 /* Converter.swift in Sources */ = {isa = PBXBuildFile; fileRef = 6832280A200BF51B001584C3 /* Converter.swift */; };
		6832280D200BF569001584C3 /* CoreDataStack.swift in Sources */ = {isa = PBXBuildFile; fileRef = 6832280C200BF569001584C3 /* CoreDataStack.swift */; };
		68322810200BF5E2001584C3 /* Model.xcdatamodeld in Sources */ = {isa = PBXBuildFile; fileRef = 6832280E200BF5E2001584C3 /* Model.xcdatamodeld */; };
		68DB68ED200CF73D00B4420C /* FlickrConstants.swift in Sources */ = {isa = PBXBuildFile; fileRef = 68DB68EC200CF73D00B4420C /* FlickrConstants.swift */; };
		68DB68EF200CF7D500B4420C /* FlickrClient.swift in Sources */ = {isa = PBXBuildFile; fileRef = 68DB68EE200CF7D500B4420C /* FlickrClient.swift */; };
		68DB68F1200D49D600B4420C /* MapViewController.swift in Sources */ = {isa = PBXBuildFile; fileRef = 68DB68F0200D49D600B4420C /* MapViewController.swift */; };
		68DB68F3200E7F4600B4420C /* PictureViewController.swift in Sources */ = {isa = PBXBuildFile; fileRef = 68DB68F2200E7F4600B4420C /* PictureViewController.swift */; };
		68DB68F6200E805400B4420C /* CollectionViewCell.swift in Sources */ = {isa = PBXBuildFile; fileRef = 68DB68F5200E805400B4420C /* CollectionViewCell.swift */; };
		68DB68F82010F66900B4420C /* CoreDataViewController.swift in Sources */ = {isa = PBXBuildFile; fileRef = 68DB68F72010F66900B4420C /* CoreDataViewController.swift */; };
		68DB68FC2011024100B4420C /* PhotoCollectionViewCell.swift in Sources */ = {isa = PBXBuildFile; fileRef = 68DB68FB2011024100B4420C /* PhotoCollectionViewCell.swift */; };
		68DB690920129A7400B4420C /* Photos+CoreDataClass.swift in Sources */ = {isa = PBXBuildFile; fileRef = 68DB690520129A7400B4420C /* Photos+CoreDataClass.swift */; };
		68DB690A20129A7400B4420C /* Photos+CoreDataProperties.swift in Sources */ = {isa = PBXBuildFile; fileRef = 68DB690620129A7400B4420C /* Photos+CoreDataProperties.swift */; };
		68DB690B20129A7400B4420C /* Pin+CoreDataClass.swift in Sources */ = {isa = PBXBuildFile; fileRef = 68DB690720129A7400B4420C /* Pin+CoreDataClass.swift */; };
		68DB690C20129A7400B4420C /* Pin+CoreDataProperties.swift in Sources */ = {isa = PBXBuildFile; fileRef = 68DB690820129A7400B4420C /* Pin+CoreDataProperties.swift */; };
/* End PBXBuildFile section */

/* Begin PBXFileReference section */
		683227F0200BF438001584C3 /* VirtualTourist1.0.app */ = {isa = PBXFileReference; explicitFileType = wrapper.application; includeInIndex = 0; path = VirtualTourist1.0.app; sourceTree = BUILT_PRODUCTS_DIR; };
		683227F3200BF438001584C3 /* AppDelegate.swift */ = {isa = PBXFileReference; lastKnownFileType = sourcecode.swift; path = AppDelegate.swift; sourceTree = "<group>"; };
		683227F8200BF438001584C3 /* Base */ = {isa = PBXFileReference; lastKnownFileType = file.storyboard; name = Base; path = Base.lproj/Main.storyboard; sourceTree = "<group>"; };
		683227FA200BF438001584C3 /* Assets.xcassets */ = {isa = PBXFileReference; lastKnownFileType = folder.assetcatalog; path = Assets.xcassets; sourceTree = "<group>"; };
		683227FD200BF438001584C3 /* Base */ = {isa = PBXFileReference; lastKnownFileType = file.storyboard; name = Base; path = Base.lproj/LaunchScreen.storyboard; sourceTree = "<group>"; };
		683227FF200BF438001584C3 /* Info.plist */ = {isa = PBXFileReference; lastKnownFileType = text.plist.xml; path = Info.plist; sourceTree = "<group>"; };
		6832280A200BF51B001584C3 /* Converter.swift */ = {isa = PBXFileReference; lastKnownFileType = sourcecode.swift; path = Converter.swift; sourceTree = "<group>"; };
		6832280C200BF569001584C3 /* CoreDataStack.swift */ = {isa = PBXFileReference; lastKnownFileType = sourcecode.swift; path = CoreDataStack.swift; sourceTree = "<group>"; };
		6832280F200BF5E2001584C3 /* Model.xcdatamodel */ = {isa = PBXFileReference; lastKnownFileType = wrapper.xcdatamodel; path = Model.xcdatamodel; sourceTree = "<group>"; };
		68DB68EC200CF73D00B4420C /* FlickrConstants.swift */ = {isa = PBXFileReference; lastKnownFileType = sourcecode.swift; path = FlickrConstants.swift; sourceTree = "<group>"; };
		68DB68EE200CF7D500B4420C /* FlickrClient.swift */ = {isa = PBXFileReference; lastKnownFileType = sourcecode.swift; path = FlickrClient.swift; sourceTree = "<group>"; };
		68DB68F0200D49D600B4420C /* MapViewController.swift */ = {isa = PBXFileReference; lastKnownFileType = sourcecode.swift; path = MapViewController.swift; sourceTree = "<group>"; };
		68DB68F2200E7F4600B4420C /* PictureViewController.swift */ = {isa = PBXFileReference; lastKnownFileType = sourcecode.swift; path = PictureViewController.swift; sourceTree = "<group>"; };
		68DB68F5200E805400B4420C /* CollectionViewCell.swift */ = {isa = PBXFileReference; lastKnownFileType = sourcecode.swift; path = CollectionViewCell.swift; sourceTree = "<group>"; };
		68DB68F72010F66900B4420C /* CoreDataViewController.swift */ = {isa = PBXFileReference; lastKnownFileType = sourcecode.swift; path = CoreDataViewController.swift; sourceTree = "<group>"; };
		68DB68FB2011024100B4420C /* PhotoCollectionViewCell.swift */ = {isa = PBXFileReference; lastKnownFileType = sourcecode.swift; path = PhotoCollectionViewCell.swift; sourceTree = "<group>"; };
		68DB690520129A7400B4420C /* Photos+CoreDataClass.swift */ = {isa = PBXFileReference; lastKnownFileType = sourcecode.swift; path = "Photos+CoreDataClass.swift"; sourceTree = "<group>"; };
		68DB690620129A7400B4420C /* Photos+CoreDataProperties.swift */ = {isa = PBXFileReference; lastKnownFileType = sourcecode.swift; path = "Photos+CoreDataProperties.swift"; sourceTree = "<group>"; };
		68DB690720129A7400B4420C /* Pin+CoreDataClass.swift */ = {isa = PBXFileReference; lastKnownFileType = sourcecode.swift; path = "Pin+CoreDataClass.swift"; sourceTree = "<group>"; };
		68DB690820129A7400B4420C /* Pin+CoreDataProperties.swift */ = {isa = PBXFileReference; lastKnownFileType = sourcecode.swift; path = "Pin+CoreDataProperties.swift"; sourceTree = "<group>"; };
/* End PBXFileReference section */

/* Begin PBXFrameworksBuildPhase section */
		683227ED200BF438001584C3 /* Frameworks */ = {
			isa = PBXFrameworksBuildPhase;
			buildActionMask = 2147483647;
			files = (
			);
			runOnlyForDeploymentPostprocessing = 0;
		};
/* End PBXFrameworksBuildPhase section */

/* Begin PBXGroup section */
		683227E7200BF437001584C3 = {
			isa = PBXGroup;
			children = (
				683227F2200BF438001584C3 /* VirtualTourist1.0 */,
				683227F1200BF438001584C3 /* Products */,
			);
			sourceTree = "<group>";
		};
		683227F1200BF438001584C3 /* Products */ = {
			isa = PBXGroup;
			children = (
				683227F0200BF438001584C3 /* VirtualTourist1.0.app */,
			);
			name = Products;
			sourceTree = "<group>";
		};
		683227F2200BF438001584C3 /* VirtualTourist1.0 */ = {
			isa = PBXGroup;
			children = (
				68DB68F4200E804800B4420C /* View */,
				68322809200BF4FF001584C3 /* Utils */,
				68322806200BF46E001584C3 /* Controller */,
				68322805200BF44B001584C3 /* Models */,
				683227F3200BF438001584C3 /* AppDelegate.swift */,
				683227F7200BF438001584C3 /* Main.storyboard */,
				683227FA200BF438001584C3 /* Assets.xcassets */,
				683227FC200BF438001584C3 /* LaunchScreen.storyboard */,
				683227FF200BF438001584C3 /* Info.plist */,
			);
			path = VirtualTourist1.0;
			sourceTree = "<group>";
		};
		68322805200BF44B001584C3 /* Models */ = {
			isa = PBXGroup;
			children = (
				68322808200BF4DC001584C3 /* Flickr */,
				68322807200BF4B7001584C3 /* CoreData */,
			);
			path = Models;
			sourceTree = "<group>";
		};
		68322806200BF46E001584C3 /* Controller */ = {
			isa = PBXGroup;
			children = (
				68DB68F0200D49D600B4420C /* MapViewController.swift */,
				68DB68F2200E7F4600B4420C /* PictureViewController.swift */,
				68DB68F72010F66900B4420C /* CoreDataViewController.swift */,
				68DB68FB2011024100B4420C /* PhotoCollectionViewCell.swift */,
			);
			path = Controller;
			sourceTree = "<group>";
		};
		68322807200BF4B7001584C3 /* CoreData */ = {
			isa = PBXGroup;
			children = (
				68DB690520129A7400B4420C /* Photos+CoreDataClass.swift */,
				68DB690720129A7400B4420C /* Pin+CoreDataClass.swift */,
				68DB690820129A7400B4420C /* Pin+CoreDataProperties.swift */,
				68DB690620129A7400B4420C /* Photos+CoreDataProperties.swift */,
				6832280C200BF569001584C3 /* CoreDataStack.swift */,
				6832280E200BF5E2001584C3 /* Model.xcdatamodeld */,
			);
			path = CoreData;
			sourceTree = "<group>";
		};
		68322808200BF4DC001584C3 /* Flickr */ = {
			isa = PBXGroup;
			children = (
				68DB68EE200CF7D500B4420C /* FlickrClient.swift */,
				68DB68EC200CF73D00B4420C /* FlickrConstants.swift */,
			);
			path = Flickr;
			sourceTree = "<group>";
		};
		68322809200BF4FF001584C3 /* Utils */ = {
			isa = PBXGroup;
			children = (
				6832280A200BF51B001584C3 /* Converter.swift */,
			);
			path = Utils;
			sourceTree = "<group>";
		};
		68DB68F4200E804800B4420C /* View */ = {
			isa = PBXGroup;
			children = (
				68DB68F5200E805400B4420C /* CollectionViewCell.swift */,
			);
			path = View;
			sourceTree = "<group>";
		};
/* End PBXGroup section */

/* Begin PBXNativeTarget section */
		683227EF200BF438001584C3 /* VirtualTourist1.0 */ = {
			isa = PBXNativeTarget;
			buildConfigurationList = 68322802200BF438001584C3 /* Build configuration list for PBXNativeTarget "VirtualTourist1.0" */;
			buildPhases = (
				683227EC200BF438001584C3 /* Sources */,
				683227ED200BF438001584C3 /* Frameworks */,
				683227EE200BF438001584C3 /* Resources */,
			);
			buildRules = (
			);
			dependencies = (
			);
			name = VirtualTourist1.0;
			productName = VirtualTourist1.0;
			productReference = 683227F0200BF438001584C3 /* VirtualTourist1.0.app */;
			productType = "com.apple.product-type.application";
		};
/* End PBXNativeTarget section */

/* Begin PBXProject section */
		683227E8200BF437001584C3 /* Project object */ = {
			isa = PBXProject;
			attributes = {
				LastSwiftUpdateCheck = 0920;
				LastUpgradeCheck = 0920;
				ORGANIZATIONNAME = ATT;
				TargetAttributes = {
					683227EF200BF438001584C3 = {
						CreatedOnToolsVersion = 9.2;
						ProvisioningStyle = Automatic;
					};
				};
			};
			buildConfigurationList = 683227EB200BF437001584C3 /* Build configuration list for PBXProject "VirtualTourist1.0" */;
			compatibilityVersion = "Xcode 8.0";
			developmentRegion = en;
			hasScannedForEncodings = 0;
			knownRegions = (
				en,
				Base,
			);
			mainGroup = 683227E7200BF437001584C3;
			productRefGroup = 683227F1200BF438001584C3 /* Products */;
			projectDirPath = "";
			projectRoot = "";
			targets = (
				683227EF200BF438001584C3 /* VirtualTourist1.0 */,
			);
		};
/* End PBXProject section */

/* Begin PBXResourcesBuildPhase section */
		683227EE200BF438001584C3 /* Resources */ = {
			isa = PBXResourcesBuildPhase;
			buildActionMask = 2147483647;
			files = (
				683227FE200BF438001584C3 /* LaunchScreen.storyboard in Resources */,
				683227FB200BF438001584C3 /* Assets.xcassets in Resources */,
				683227F9200BF438001584C3 /* Main.storyboard in Resources */,
			);
			runOnlyForDeploymentPostprocessing = 0;
		};
/* End PBXResourcesBuildPhase section */

/* Begin PBXSourcesBuildPhase section */
		683227EC200BF438001584C3 /* Sources */ = {
			isa = PBXSourcesBuildPhase;
			buildActionMask = 2147483647;
			files = (
				6832280B200BF51B001584C3 /* Converter.swift in Sources */,
				68DB690A20129A7400B4420C /* Photos+CoreDataProperties.swift in Sources */,
				68DB68F82010F66900B4420C /* CoreDataViewController.swift in Sources */,
				68322810200BF5E2001584C3 /* Model.xcdatamodeld in Sources */,
				683227F4200BF438001584C3 /* AppDelegate.swift in Sources */,
				68DB690B20129A7400B4420C /* Pin+CoreDataClass.swift in Sources */,
				68DB68ED200CF73D00B4420C /* FlickrConstants.swift in Sources */,
				68DB68F1200D49D600B4420C /* MapViewController.swift in Sources */,
				68DB690C20129A7400B4420C /* Pin+CoreDataProperties.swift in Sources */,
				68DB68FC2011024100B4420C /* PhotoCollectionViewCell.swift in Sources */,
				68DB68F3200E7F4600B4420C /* PictureViewController.swift in Sources */,
				68DB68F6200E805400B4420C /* CollectionViewCell.swift in Sources */,
				68DB690920129A7400B4420C /* Photos+CoreDataClass.swift in Sources */,
				68DB68EF200CF7D500B4420C /* FlickrClient.swift in Sources */,
				6832280D200BF569001584C3 /* CoreDataStack.swift in Sources */,
			);
			runOnlyForDeploymentPostprocessing = 0;
		};
/* End PBXSourcesBuildPhase section */

/* Begin PBXVariantGroup section */
		683227F7200BF438001584C3 /* Main.storyboard */ = {
			isa = PBXVariantGroup;
			children = (
				683227F8200BF438001584C3 /* Base */,
			);
			name = Main.storyboard;
			sourceTree = "<group>";
		};
		683227FC200BF438001584C3 /* LaunchScreen.storyboard */ = {
			isa = PBXVariantGroup;
			children = (
				683227FD200BF438001584C3 /* Base */,
			);
			name = LaunchScreen.storyboard;
			sourceTree = "<group>";
		};
/* End PBXVariantGroup section */

/* Begin XCBuildConfiguration section */
		68322800200BF438001584C3 /* Debug */ = {
			isa = XCBuildConfiguration;
			buildSettings = {
				ALWAYS_SEARCH_USER_PATHS = NO;
				CLANG_ANALYZER_NONNULL = YES;
				CLANG_ANALYZER_NUMBER_OBJECT_CONVERSION = YES_AGGRESSIVE;
				CLANG_CXX_LANGUAGE_STANDARD = "gnu++14";
				CLANG_CXX_LIBRARY = "libc++";
				CLANG_ENABLE_MODULES = YES;
				CLANG_ENABLE_OBJC_ARC = YES;
				CLANG_WARN_BLOCK_CAPTURE_AUTORELEASING = YES;
				CLANG_WARN_BOOL_CONVERSION = YES;
				CLANG_WARN_COMMA = YES;
				CLANG_WARN_CONSTANT_CONVERSION = YES;
				CLANG_WARN_DIRECT_OBJC_ISA_USAGE = YES_ERROR;
				CLANG_WARN_DOCUMENTATION_COMMENTS = YES;
				CLANG_WARN_EMPTY_BODY = YES;
				CLANG_WARN_ENUM_CONVERSION = YES;
				CLANG_WARN_INFINITE_RECURSION = YES;
				CLANG_WARN_INT_CONVERSION = YES;
				CLANG_WARN_NON_LITERAL_NULL_CONVERSION = YES;
				CLANG_WARN_OBJC_LITERAL_CONVERSION = YES;
				CLANG_WARN_OBJC_ROOT_CLASS = YES_ERROR;
				CLANG_WARN_RANGE_LOOP_ANALYSIS = YES;
				CLANG_WARN_STRICT_PROTOTYPES = YES;
				CLANG_WARN_SUSPICIOUS_MOVE = YES;
				CLANG_WARN_UNGUARDED_AVAILABILITY = YES_AGGRESSIVE;
				CLANG_WARN_UNREACHABLE_CODE = YES;
				CLANG_WARN__DUPLICATE_METHOD_MATCH = YES;
				CODE_SIGN_IDENTITY = "iPhone Developer";
				COPY_PHASE_STRIP = NO;
				DEBUG_INFORMATION_FORMAT = dwarf;
				ENABLE_STRICT_OBJC_MSGSEND = YES;
				ENABLE_TESTABILITY = YES;
				GCC_C_LANGUAGE_STANDARD = gnu11;
				GCC_DYNAMIC_NO_PIC = NO;
				GCC_NO_COMMON_BLOCKS = YES;
				GCC_OPTIMIZATION_LEVEL = 0;
				GCC_PREPROCESSOR_DEFINITIONS = (
					"DEBUG=1",
					"$(inherited)",
				);
				GCC_WARN_64_TO_32_BIT_CONVERSION = YES;
				GCC_WARN_ABOUT_RETURN_TYPE = YES_ERROR;
				GCC_WARN_UNDECLARED_SELECTOR = YES;
				GCC_WARN_UNINITIALIZED_AUTOS = YES_AGGRESSIVE;
				GCC_WARN_UNUSED_FUNCTION = YES;
				GCC_WARN_UNUSED_VARIABLE = YES;
				IPHONEOS_DEPLOYMENT_TARGET = 11.2;
				MTL_ENABLE_DEBUG_INFO = YES;
				ONLY_ACTIVE_ARCH = YES;
				SDKROOT = iphoneos;
				SWIFT_ACTIVE_COMPILATION_CONDITIONS = DEBUG;
				SWIFT_OPTIMIZATION_LEVEL = "-Onone";
			};
			name = Debug;
		};
		68322801200BF438001584C3 /* Release */ = {
			isa = XCBuildConfiguration;
			buildSettings = {
				ALWAYS_SEARCH_USER_PATHS = NO;
				CLANG_ANALYZER_NONNULL = YES;
				CLANG_ANALYZER_NUMBER_OBJECT_CONVERSION = YES_AGGRESSIVE;
				CLANG_CXX_LANGUAGE_STANDARD = "gnu++14";
				CLANG_CXX_LIBRARY = "libc++";
				CLANG_ENABLE_MODULES = YES;
				CLANG_ENABLE_OBJC_ARC = YES;
				CLANG_WARN_BLOCK_CAPTURE_AUTORELEASING = YES;
				CLANG_WARN_BOOL_CONVERSION = YES;
				CLANG_WARN_COMMA = YES;
				CLANG_WARN_CONSTANT_CONVERSION = YES;
				CLANG_WARN_DIRECT_OBJC_ISA_USAGE = YES_ERROR;
				CLANG_WARN_DOCUMENTATION_COMMENTS = YES;
				CLANG_WARN_EMPTY_BODY = YES;
				CLANG_WARN_ENUM_CONVERSION = YES;
				CLANG_WARN_INFINITE_RECURSION = YES;
				CLANG_WARN_INT_CONVERSION = YES;
				CLANG_WARN_NON_LITERAL_NULL_CONVERSION = YES;
				CLANG_WARN_OBJC_LITERAL_CONVERSION = YES;
				CLANG_WARN_OBJC_ROOT_CLASS = YES_ERROR;
				CLANG_WARN_RANGE_LOOP_ANALYSIS = YES;
				CLANG_WARN_STRICT_PROTOTYPES = YES;
				CLANG_WARN_SUSPICIOUS_MOVE = YES;
				CLANG_WARN_UNGUARDED_AVAILABILITY = YES_AGGRESSIVE;
				CLANG_WARN_UNREACHABLE_CODE = YES;
				CLANG_WARN__DUPLICATE_METHOD_MATCH = YES;
				CODE_SIGN_IDENTITY = "iPhone Developer";
				COPY_PHASE_STRIP = NO;
				DEBUG_INFORMATION_FORMAT = "dwarf-with-dsym";
				ENABLE_NS_ASSERTIONS = NO;
				ENABLE_STRICT_OBJC_MSGSEND = YES;
				GCC_C_LANGUAGE_STANDARD = gnu11;
				GCC_NO_COMMON_BLOCKS = YES;
				GCC_WARN_64_TO_32_BIT_CONVERSION = YES;
				GCC_WARN_ABOUT_RETURN_TYPE = YES_ERROR;
				GCC_WARN_UNDECLARED_SELECTOR = YES;
				GCC_WARN_UNINITIALIZED_AUTOS = YES_AGGRESSIVE;
				GCC_WARN_UNUSED_FUNCTION = YES;
				GCC_WARN_UNUSED_VARIABLE = YES;
				IPHONEOS_DEPLOYMENT_TARGET = 11.2;
				MTL_ENABLE_DEBUG_INFO = NO;
				SDKROOT = iphoneos;
				SWIFT_OPTIMIZATION_LEVEL = "-Owholemodule";
				VALIDATE_PRODUCT = YES;
			};
			name = Release;
		};
		68322803200BF438001584C3 /* Debug */ = {
			isa = XCBuildConfiguration;
			buildSettings = {
				ASSETCATALOG_COMPILER_APPICON_NAME = AppIcon;
				CODE_SIGN_STYLE = Automatic;
				INFOPLIST_FILE = VirtualTourist1.0/Info.plist;
				LD_RUNPATH_SEARCH_PATHS = "$(inherited) @executable_path/Frameworks";
				PRODUCT_BUNDLE_IDENTIFIER = "com.att.VirtualTourist1-0";
				PRODUCT_NAME = "$(TARGET_NAME)";
				SWIFT_VERSION = 4.0;
				TARGETED_DEVICE_FAMILY = "1,2";
			};
			name = Debug;
		};
		68322804200BF438001584C3 /* Release */ = {
			isa = XCBuildConfiguration;
			buildSettings = {
				ASSETCATALOG_COMPILER_APPICON_NAME = AppIcon;
				CODE_SIGN_STYLE = Automatic;
				INFOPLIST_FILE = VirtualTourist1.0/Info.plist;
				LD_RUNPATH_SEARCH_PATHS = "$(inherited) @executable_path/Frameworks";
				PRODUCT_BUNDLE_IDENTIFIER = "com.att.VirtualTourist1-0";
				PRODUCT_NAME = "$(TARGET_NAME)";
				SWIFT_VERSION = 4.0;
				TARGETED_DEVICE_FAMILY = "1,2";
			};
			name = Release;
		};
/* End XCBuildConfiguration section */

/* Begin XCConfigurationList section */
		683227EB200BF437001584C3 /* Build configuration list for PBXProject "VirtualTourist1.0" */ = {
			isa = XCConfigurationList;
			buildConfigurations = (
				68322800200BF438001584C3 /* Debug */,
				68322801200BF438001584C3 /* Release */,
			);
			defaultConfigurationIsVisible = 0;
			defaultConfigurationName = Release;
		};
		68322802200BF438001584C3 /* Build configuration list for PBXNativeTarget "VirtualTourist1.0" */ = {
			isa = XCConfigurationList;
			buildConfigurations = (
				68322803200BF438001584C3 /* Debug */,
				68322804200BF438001584C3 /* Release */,
			);
			defaultConfigurationIsVisible = 0;
			defaultConfigurationName = Release;
		};
/* End XCConfigurationList section */

/* Begin XCVersionGroup section */
		6832280E200BF5E2001584C3 /* Model.xcdatamodeld */ = {
			isa = XCVersionGroup;
			children = (
				6832280F200BF5E2001584C3 /* Model.xcdatamodel */,
			);
			currentVersion = 6832280F200BF5E2001584C3 /* Model.xcdatamodel */;
			path = Model.xcdatamodeld;
			sourceTree = "<group>";
			versionGroupType = wrapper.xcdatamodel;
		};
/* End XCVersionGroup section */
	};
	rootObject = 683227E8200BF437001584C3 /* Project object */;
}
